{
  "object": {
    "pins": [
      {
        "package": "MiniLexer",
        "repositoryURL": "https://github.com/LuizZak/MiniLexer",
        "state": {
          "branch": "swift5.0",
          "revision": "49116375826162dd4fbcb001642ce537e5335257",
          "version": null
        }
      }
    ]
  },
  "version": 1
}
